
Microsoft Visual Studio Solution File, Format Version 12.00
# Visual Studio Version 17
VisualStudioVersion = 17.4.33103.184
MinimumVisualStudioVersion = 10.0.40219.1
Project("{FAE04EC0-301F-11D3-BF4B-00C04F79EFBC}") = "FriendOrganizer.UI", "FriendOrganizer.UI\FriendOrganizer.UI.csproj", "{23FFFA0B-967B-4E22-A606-7C791F07F87E}"
EndProject
Project("{FAE04EC0-301F-11D3-BF4B-00C04F79EFBC}") = "FriendOrganizer.DataAccess", "FriendOrganizer.DataAccess\FriendOrganizer.DataAccess.csproj", "{0DD7B20B-3FB0-4932-8275-BBAA3C2F69B9}"
EndProject
Project("{FAE04EC0-301F-11D3-BF4B-00C04F79EFBC}") = "FriendOrganizer.Model", "FriendOrganizer.Model\FriendOrganizer.Model.csproj", "{2E309214-A88A-416E-A7FE-6AF9C4DD7BB1}"
EndProject
Global
	GlobalSection(SolutionConfigurationPlatforms) = preSolution
		Debug|Any CPU = Debug|Any CPU
		Release|Any CPU = Release|Any CPU
	EndGlobalSection
	GlobalSection(ProjectConfigurationPlatforms) = postSolution
		{23FFFA0B-967B-4E22-A606-7C791F07F87E}.Debug|Any CPU.ActiveCfg = Debug|Any CPU
		{23FFFA0B-967B-4E22-A606-7C791F07F87E}.Debug|Any CPU.Build.0 = Debug|Any CPU
		{23FFFA0B-967B-4E22-A606-7C791F07F87E}.Release|Any CPU.ActiveCfg = Release|Any CPU
		{23FFFA0B-967B-4E22-A606-7C791F07F87E}.Release|Any CPU.Build.0 = Release|Any CPU
		{0DD7B20B-3FB0-4932-8275-BBAA3C2F69B9}.Debug|Any CPU.ActiveCfg = Debug|Any CPU
		{0DD7B20B-3FB0-4932-8275-BBAA3C2F69B9}.Debug|Any CPU.Build.0 = Debug|Any CPU
		{0DD7B20B-3FB0-4932-8275-BBAA3C2F69B9}.Release|Any CPU.ActiveCfg = Release|Any CPU
		{0DD7B20B-3FB0-4932-8275-BBAA3C2F69B9}.Release|Any CPU.Build.0 = Release|Any CPU
		{2E309214-A88A-416E-A7FE-6AF9C4DD7BB1}.Debug|Any CPU.ActiveCfg = Debug|Any CPU
		{2E309214-A88A-416E-A7FE-6AF9C4DD7BB1}.Debug|Any CPU.Build.0 = Debug|Any CPU
		{2E309214-A88A-416E-A7FE-6AF9C4DD7BB1}.Release|Any CPU.ActiveCfg = Release|Any CPU
		{2E309214-A88A-416E-A7FE-6AF9C4DD7BB1}.Release|Any CPU.Build.0 = Release|Any CPU
	EndGlobalSection
	GlobalSection(SolutionProperties) = preSolution
		HideSolutionNode = FALSE
	EndGlobalSection
	GlobalSection(ExtensibilityGlobals) = postSolution
		SolutionGuid = {33B9C3DF-CA2D-496C-8A4B-E6732C537499}
	EndGlobalSection
EndGlobal
